{
  "name": "ng-dynamic-form",
  "version": "0.0.1",
  "lockfileVersion": 3,
  "requires": true,
  "packages": {
    "": {
      "name": "ng-dynamic-form",
      "version": "0.0.1",
      "dependencies": {
        "tslib": "^2.3.0"
      },
      "peerDependencies": {
        "@angular/common": "^17.3.0",
        "@angular/core": "^17.3.0",
        "@angular/forms": "^17.3.7"
      }
    },
    "node_modules/@angular/common": {
      "version": "17.3.7",
      "resolved": "https://registry.npmjs.org/@angular/common/-/common-17.3.7.tgz",
      "integrity": "sha512-A7LRJu1vVCGGgrfZXjU+njz50SiU4weheKCar5PIUprcdIofS1IrHAJDqYh+kwXxkjXbZMOr/ijQY0+AESLEsw==",
      "peer": true,
      "dependencies": {
        "tslib": "^2.3.0"
      },
      "engines": {
        "node": "^18.13.0 || >=20.9.0"
      },
      "peerDependencies": {
        "@angular/core": "17.3.7",
        "rxjs": "^6.5.3 || ^7.4.0"
      }
    },
    "node_modules/@angular/core": {
      "version": "17.3.7",
      "resolved": "https://registry.npmjs.org/@angular/core/-/core-17.3.7.tgz",
      "integrity": "sha512-HWcrbxqnvIMSxFuQdN0KPt08bc87hqr0LKm89yuRTUwx/2sNJlNQUobk6aJj4trswGBttcRDT+GOS4DQP2Nr4g==",
      "peer": true,
      "dependencies": {
        "tslib": "^2.3.0"
      },
      "engines": {
        "node": "^18.13.0 || >=20.9.0"
      },
      "peerDependencies": {
        "rxjs": "^6.5.3 || ^7.4.0",
        "zone.js": "~0.14.0"
      }
    },
    "node_modules/@angular/forms": {
      "version": "17.3.7",
      "resolved": "https://registry.npmjs.org/@angular/forms/-/forms-17.3.7.tgz",
      "integrity": "sha512-FEhXh/VmT++XCoO8i7bBtzxG7Am/cE1zrr9aF+fWW+4jpWvJvVN1IaSiJxgBB+iPsOJ9lTBRwfRW3onlcDkhrw==",
      "peer": true,
      "dependencies": {
        "tslib": "^2.3.0"
      },
      "engines": {
        "node": "^18.13.0 || >=20.9.0"
      },
      "peerDependencies": {
        "@angular/common": "17.3.7",
        "@angular/core": "17.3.7",
        "@angular/platform-browser": "17.3.7",
        "rxjs": "^6.5.3 || ^7.4.0"
      }
    },
    "node_modules/@angular/platform-browser": {
      "version": "17.3.7",
      "resolved": "https://registry.npmjs.org/@angular/platform-browser/-/platform-browser-17.3.7.tgz",
      "integrity": "sha512-Nn8ZMaftAvO9dEwribWdNv+QBHhYIBrRkv85G6et80AXfXoYAr/xcfnQECRFtZgPmANqHC5auv/xrmExQG+Yeg==",
      "peer": true,
      "dependencies": {
        "tslib": "^2.3.0"
      },
      "engines": {
        "node": "^18.13.0 || >=20.9.0"
      },
      "peerDependencies": {
        "@angular/animations": "17.3.7",
        "@angular/common": "17.3.7",
        "@angular/core": "17.3.7"
      },
      "peerDependenciesMeta": {
        "@angular/animations": {
          "optional": true
        }
      }
    },
    "node_modules/rxjs": {
      "version": "7.8.1",
      "resolved": "https://registry.npmjs.org/rxjs/-/rxjs-7.8.1.tgz",
      "integrity": "sha512-AA3TVj+0A2iuIoQkWEK/tqFjBq2j+6PO6Y0zJcvzLAFhEFIO3HL0vls9hWLncZbAAbK0mar7oZ4V079I/qPMxg==",
      "peer": true,
      "dependencies": {
        "tslib": "^2.1.0"
      }
    },
    "node_modules/tslib": {
      "version": "2.6.2",
      "resolved": "https://registry.npmjs.org/tslib/-/tslib-2.6.2.tgz",
      "integrity": "sha512-AEYxH93jGFPn/a2iVAwW87VuUIkR1FVUKB77NwMF7nBTDkDrrT/Hpt/IrCJ0QXhW27jTBDcf5ZY7w6RiqTMw2Q=="
    },
    "node_modules/zone.js": {
      "version": "0.14.5",
      "resolved": "https://registry.npmjs.org/zone.js/-/zone.js-0.14.5.tgz",
      "integrity": "sha512-9XYWZzY6PhHOSdkYryNcMm7L8EK7a4q+GbTvxbIA2a9lMdRUpGuyaYvLDcg8D6bdn+JomSsbPcilVKg6SmUx6w==",
      "peer": true,
      "dependencies": {
        "tslib": "^2.3.0"
      }
    }
  }
}
